lockfileVersion: '6.0'

settings:
  autoInstallPeers: true
  excludeLinksFromLockfile: false

importers:

  .:
    devDependencies:
      prettier:
        specifier: ^3.1.1
        version: 3.1.1
      turbo:
        specifier: 1.11.2
        version: 1.11.2

packages:

  /prettier@3.1.1:
    resolution: {integrity: sha512-22UbSzg8luF4UuZtzgiUOfcGM8s4tjBv6dJRT7j275NXsy2jb4aJa4NNveul5x4eqlF1wuhuR2RElK71RvmVaw==}
    engines: {node: '>=14'}
    hasBin: true
    dev: true

  /turbo-darwin-64@1.11.2:
    resolution: {integrity: sha512-toFmRG/adriZY3hOps7nYCfqHAS+Ci6xqgX3fbo82kkLpC6OBzcXnleSwuPqjHVAaRNhVoB83L5njcE9Qwi2og==}
    cpu: [x64]
    os: [darwin]
    requiresBuild: true
    dev: true
    optional: true

  /turbo-darwin-arm64@1.11.2:
    resolution: {integrity: sha512-FCsEDZ8BUSFYEOSC3rrARQrj7x2VOrmVcfrMUIhexTxproRh4QyMxLfr6LALk4ymx6jbDCxWa6Szal8ckldFbA==}
    cpu: [arm64]
    os: [darwin]
    requiresBuild: true
    dev: true
    optional: true

  /turbo-linux-64@1.11.2:
    resolution: {integrity: sha512-Vzda/o/QyEske5CxLf0wcu7UUS+7zB90GgHZV4tyN+WZtoouTvbwuvZ3V6b5Wgd3OJ/JwWR0CXDK7Sf4VEMr7A==}
    cpu: [x64]
    os: [linux]
    requiresBuild: true
    dev: true
    optional: true

  /turbo-linux-arm64@1.11.2:
    resolution: {integrity: sha512-bRLwovQRz0yxDZrM4tQEAYV0fBHEaTzUF0JZ8RG1UmZt/CqtpnUrJpYb1VK8hj1z46z9YehARpYCwQ2K0qU4yw==}
    cpu: [arm64]
    os: [linux]
    requiresBuild: true
    dev: true
    optional: true

  /turbo-windows-64@1.11.2:
    resolution: {integrity: sha512-LgTWqkHAKgyVuLYcEPxZVGPInTjjeCnN5KQMdJ4uQZ+xMDROvMFS2rM93iQl4ieDJgidwHCxxCxaU9u8c3d/Kg==}
    cpu: [x64]
    os: [win32]
    requiresBuild: true
    dev: true
    optional: true

  /turbo-windows-arm64@1.11.2:
    resolution: {integrity: sha512-829aVBU7IX0c/B4G7g1VI8KniAGutHhIupkYMgF6xPkYVev2G3MYe6DMS/vsLt9GGM9ulDtdWxWrH5P2ngK8IQ==}
    cpu: [arm64]
    os: [win32]
    requiresBuild: true
    dev: true
    optional: true

  /turbo@1.11.2:
    resolution: {integrity: sha512-jPC7LVQJzebs5gWf8FmEvsvXGNyKbN+O9qpvv98xpNaM59aS0/Irhd0H0KbcqnXfsz7ETlzOC3R+xFWthC4Z8A==}
    hasBin: true
    optionalDependencies:
      turbo-darwin-64: 1.11.2
      turbo-darwin-arm64: 1.11.2
      turbo-linux-64: 1.11.2
      turbo-linux-arm64: 1.11.2
      turbo-windows-64: 1.11.2
      turbo-windows-arm64: 1.11.2
    dev: true
